// !$*UTF8*$!
{
	archiveVersion = 1;
	classes = {
	};
	objectVersion = 50;
	objects = {

/* Begin PBXBuildFile section */
		573A93EB219CFFD000C11464 /* AppDelegate.swift in Sources */ = {isa = PBXBuildFile; fileRef = 573A93EA219CFFD000C11464 /* AppDelegate.swift */; };
		573A93ED219CFFD000C11464 /* MasterViewController.swift in Sources */ = {isa = PBXBuildFile; fileRef = 573A93EC219CFFD000C11464 /* MasterViewController.swift */; };
		573A93F0219CFFD000C11464 /* Main.storyboard in Resources */ = {isa = PBXBuildFile; fileRef = 573A93EE219CFFD000C11464 /* Main.storyboard */; };
		573A93F2219CFFD100C11464 /* Assets.xcassets in Resources */ = {isa = PBXBuildFile; fileRef = 573A93F1219CFFD100C11464 /* Assets.xcassets */; };
		573A93F5219CFFD100C11464 /* LaunchScreen.storyboard in Resources */ = {isa = PBXBuildFile; fileRef = 573A93F3219CFFD100C11464 /* LaunchScreen.storyboard */; };
		573A93FD219D02FB00C11464 /* ContainerViewController.swift in Sources */ = {isa = PBXBuildFile; fileRef = 573A93FC219D02FB00C11464 /* ContainerViewController.swift */; };
		573A93FF219D031700C11464 /* LeftSlideMenuViewController.swift in Sources */ = {isa = PBXBuildFile; fileRef = 573A93FE219D031700C11464 /* LeftSlideMenuViewController.swift */; };
/* End PBXBuildFile section */

/* Begin PBXFileReference section */
		573A93E7219CFFD000C11464 /* LeftSlideMenuDelegatePefect.app */ = {isa = PBXFileReference; explicitFileType = wrapper.application; includeInIndex = 0; path = LeftSlideMenuDelegatePefect.app; sourceTree = BUILT_PRODUCTS_DIR; };
		573A93EA219CFFD000C11464 /* AppDelegate.swift */ = {isa = PBXFileReference; lastKnownFileType = sourcecode.swift; path = AppDelegate.swift; sourceTree = "<group>"; };
		573A93EC219CFFD000C11464 /* MasterViewController.swift */ = {isa = PBXFileReference; lastKnownFileType = sourcecode.swift; path = MasterViewController.swift; sourceTree = "<group>"; };
		573A93EF219CFFD000C11464 /* Base */ = {isa = PBXFileReference; lastKnownFileType = file.storyboard; name = Base; path = Base.lproj/Main.storyboard; sourceTree = "<group>"; };
		573A93F1219CFFD100C11464 /* Assets.xcassets */ = {isa = PBXFileReference; lastKnownFileType = folder.assetcatalog; path = Assets.xcassets; sourceTree = "<group>"; };
		573A93F4219CFFD100C11464 /* Base */ = {isa = PBXFileReference; lastKnownFileType = file.storyboard; name = Base; path = Base.lproj/LaunchScreen.storyboard; sourceTree = "<group>"; };
		573A93F6219CFFD100C11464 /* Info.plist */ = {isa = PBXFileReference; lastKnownFileType = text.plist.xml; path = Info.plist; sourceTree = "<group>"; };
		573A93FC219D02FB00C11464 /* ContainerViewController.swift */ = {isa = PBXFileReference; lastKnownFileType = sourcecode.swift; path = ContainerViewController.swift; sourceTree = "<group>"; };
		573A93FE219D031700C11464 /* LeftSlideMenuViewController.swift */ = {isa = PBXFileReference; lastKnownFileType = sourcecode.swift; path = LeftSlideMenuViewController.swift; sourceTree = "<group>"; };
/* End PBXFileReference section */

/* Begin PBXFrameworksBuildPhase section */
		573A93E4219CFFD000C11464 /* Frameworks */ = {
			isa = PBXFrameworksBuildPhase;
			buildActionMask = 2147483647;
			files = (
			);
			runOnlyForDeploymentPostprocessing = 0;
		};
/* End PBXFrameworksBuildPhase section */

/* Begin PBXGroup section */
		573A93DE219CFFD000C11464 = {
			isa = PBXGroup;
			children = (
				573A93E9219CFFD000C11464 /* LeftSlideMenuDelegatePefect */,
				573A93E8219CFFD000C11464 /* Products */,
			);
			sourceTree = "<group>";
		};
		573A93E8219CFFD000C11464 /* Products */ = {
			isa = PBXGroup;
			children = (
				573A93E7219CFFD000C11464 /* LeftSlideMenuDelegatePefect.app */,
			);
			name = Products;
			sourceTree = "<group>";
		};
		573A93E9219CFFD000C11464 /* LeftSlideMenuDelegatePefect */ = {
			isa = PBXGroup;
			children = (
				573A93EA219CFFD000C11464 /* AppDelegate.swift */,
				573A93EC219CFFD000C11464 /* MasterViewController.swift */,
				573A93FE219D031700C11464 /* LeftSlideMenuViewController.swift */,
				573A93FC219D02FB00C11464 /* ContainerViewController.swift */,
				573A93EE219CFFD000C11464 /* Main.storyboard */,
				573A93F1219CFFD100C11464 /* Assets.xcassets */,
				573A93F3219CFFD100C11464 /* LaunchScreen.storyboard */,
				573A93F6219CFFD100C11464 /* Info.plist */,
			);
			path = LeftSlideMenuDelegatePefect;
			sourceTree = "<group>";
		};
/* End PBXGroup section */

/* Begin PBXNativeTarget section */
		573A93E6219CFFD000C11464 /* LeftSlideMenuDelegatePefect */ = {
			isa = PBXNativeTarget;
			buildConfigurationList = 573A93F9219CFFD100C11464 /* Build configuration list for PBXNativeTarget "LeftSlideMenuDelegatePefect" */;
			buildPhases = (
				573A93E3219CFFD000C11464 /* Sources */,
				573A93E4219CFFD000C11464 /* Frameworks */,
				573A93E5219CFFD000C11464 /* Resources */,
			);
			buildRules = (
			);
			dependencies = (
			);
			name = LeftSlideMenuDelegatePefect;
			productName = LeftSlideMenuDelegatePefect;
			productReference = 573A93E7219CFFD000C11464 /* LeftSlideMenuDelegatePefect.app */;
			productType = "com.apple.product-type.application";
		};
/* End PBXNativeTarget section */

/* Begin PBXProject section */
		573A93DF219CFFD000C11464 /* Project object */ = {
			isa = PBXProject;
			attributes = {
				LastSwiftUpdateCheck = 1000;
				LastUpgradeCheck = 1000;
				ORGANIZATIONNAME = "Duc Anh";
				TargetAttributes = {
					573A93E6219CFFD000C11464 = {
						CreatedOnToolsVersion = 10.0;
					};
				};
			};
			buildConfigurationList = 573A93E2219CFFD000C11464 /* Build configuration list for PBXProject "LeftSlideMenuDelegatePefect" */;
			compatibilityVersion = "Xcode 9.3";
			developmentRegion = en;
			hasScannedForEncodings = 0;
			knownRegions = (
				en,
				Base,
			);
			mainGroup = 573A93DE219CFFD000C11464;
			productRefGroup = 573A93E8219CFFD000C11464 /* Products */;
			projectDirPath = "";
			projectRoot = "";
			targets = (
				573A93E6219CFFD000C11464 /* LeftSlideMenuDelegatePefect */,
			);
		};
/* End PBXProject section */

/* Begin PBXResourcesBuildPhase section */
		573A93E5219CFFD000C11464 /* Resources */ = {
			isa = PBXResourcesBuildPhase;
			buildActionMask = 2147483647;
			files = (
				573A93F5219CFFD100C11464 /* LaunchScreen.storyboard in Resources */,
				573A93F2219CFFD100C11464 /* Assets.xcassets in Resources */,
				573A93F0219CFFD000C11464 /* Main.storyboard in Resources */,
			);
			runOnlyForDeploymentPostprocessing = 0;
		};
/* End PBXResourcesBuildPhase section */

/* Begin PBXSourcesBuildPhase section */
		573A93E3219CFFD000C11464 /* Sources */ = {
			isa = PBXSourcesBuildPhase;
			buildActionMask = 2147483647;
			files = (
				573A93FF219D031700C11464 /* LeftSlideMenuViewController.swift in Sources */,
				573A93ED219CFFD000C11464 /* MasterViewController.swift in Sources */,
				573A93FD219D02FB00C11464 /* ContainerViewController.swift in Sources */,
				573A93EB219CFFD000C11464 /* AppDelegate.swift in Sources */,
			);
			runOnlyForDeploymentPostprocessing = 0;
		};
/* End PBXSourcesBuildPhase section */

/* Begin PBXVariantGroup section */
		573A93EE219CFFD000C11464 /* Main.storyboard */ = {
			isa = PBXVariantGroup;
			children = (
				573A93EF219CFFD000C11464 /* Base */,
			);
			name = Main.storyboard;
			sourceTree = "<group>";
		};
		573A93F3219CFFD100C11464 /* LaunchScreen.storyboard */ = {
			isa = PBXVariantGroup;
			children = (
				573A93F4219CFFD100C11464 /* Base */,
			);
			name = LaunchScreen.storyboard;
			sourceTree = "<group>";
		};
/* End PBXVariantGroup section */

/* Begin XCBuildConfiguration section */
		573A93F7219CFFD100C11464 /* Debug */ = {
			isa = XCBuildConfiguration;
			buildSettings = {
				ALWAYS_SEARCH_USER_PATHS = NO;
				CLANG_ANALYZER_NONNULL = YES;
				CLANG_ANALYZER_NUMBER_OBJECT_CONVERSION = YES_AGGRESSIVE;
				CLANG_CXX_LANGUAGE_STANDARD = "gnu++14";
				CLANG_CXX_LIBRARY = "libc++";
				CLANG_ENABLE_MODULES = YES;
				CLANG_ENABLE_OBJC_ARC = YES;
				CLANG_ENABLE_OBJC_WEAK = YES;
				CLANG_WARN_BLOCK_CAPTURE_AUTORELEASING = YES;
				CLANG_WARN_BOOL_CONVERSION = YES;
				CLANG_WARN_COMMA = YES;
				CLANG_WARN_CONSTANT_CONVERSION = YES;
				CLANG_WARN_DEPRECATED_OBJC_IMPLEMENTATIONS = YES;
				CLANG_WARN_DIRECT_OBJC_ISA_USAGE = YES_ERROR;
				CLANG_WARN_DOCUMENTATION_COMMENTS = YES;
				CLANG_WARN_EMPTY_BODY = YES;
				CLANG_WARN_ENUM_CONVERSION = YES;
				CLANG_WARN_INFINITE_RECURSION = YES;
				CLANG_WARN_INT_CONVERSION = YES;
				CLANG_WARN_NON_LITERAL_NULL_CONVERSION = YES;
				CLANG_WARN_OBJC_IMPLICIT_RETAIN_SELF = YES;
				CLANG_WARN_OBJC_LITERAL_CONVERSION = YES;
				CLANG_WARN_OBJC_ROOT_CLASS = YES_ERROR;
				CLANG_WARN_RANGE_LOOP_ANALYSIS = YES;
				CLANG_WARN_STRICT_PROTOTYPES = YES;
				CLANG_WARN_SUSPICIOUS_MOVE = YES;
				CLANG_WARN_UNGUARDED_AVAILABILITY = YES_AGGRESSIVE;
				CLANG_WARN_UNREACHABLE_CODE = YES;
				CLANG_WARN__DUPLICATE_METHOD_MATCH = YES;
				CODE_SIGN_IDENTITY = "iPhone Developer";
				COPY_PHASE_STRIP = NO;
				DEBUG_INFORMATION_FORMAT = dwarf;
				ENABLE_STRICT_OBJC_MSGSEND = YES;
				ENABLE_TESTABILITY = YES;
				GCC_C_LANGUAGE_STANDARD = gnu11;
				GCC_DYNAMIC_NO_PIC = NO;
				GCC_NO_COMMON_BLOCKS = YES;
				GCC_OPTIMIZATION_LEVEL = 0;
				GCC_PREPROCESSOR_DEFINITIONS = (
					"DEBUG=1",
					"$(inherited)",
				);
				GCC_WARN_64_TO_32_BIT_CONVERSION = YES;
				GCC_WARN_ABOUT_RETURN_TYPE = YES_ERROR;
				GCC_WARN_UNDECLARED_SELECTOR = YES;
				GCC_WARN_UNINITIALIZED_AUTOS = YES_AGGRESSIVE;
				GCC_WARN_UNUSED_FUNCTION = YES;
				GCC_WARN_UNUSED_VARIABLE = YES;
				IPHONEOS_DEPLOYMENT_TARGET = 12.0;
				MTL_ENABLE_DEBUG_INFO = INCLUDE_SOURCE;
				MTL_FAST_MATH = YES;
				ONLY_ACTIVE_ARCH = YES;
				SDKROOT = iphoneos;
				SWIFT_ACTIVE_COMPILATION_CONDITIONS = DEBUG;
				SWIFT_OPTIMIZATION_LEVEL = "-Onone";
			};
			name = Debug;
		};
		573A93F8219CFFD100C11464 /* Release */ = {
			isa = XCBuildConfiguration;
			buildSettings = {
				ALWAYS_SEARCH_USER_PATHS = NO;
				CLANG_ANALYZER_NONNULL = YES;
				CLANG_ANALYZER_NUMBER_OBJECT_CONVERSION = YES_AGGRESSIVE;
				CLANG_CXX_LANGUAGE_STANDARD = "gnu++14";
				CLANG_CXX_LIBRARY = "libc++";
				CLANG_ENABLE_MODULES = YES;
				CLANG_ENABLE_OBJC_ARC = YES;
				CLANG_ENABLE_OBJC_WEAK = YES;
				CLANG_WARN_BLOCK_CAPTURE_AUTORELEASING = YES;
				CLANG_WARN_BOOL_CONVERSION = YES;
				CLANG_WARN_COMMA = YES;
				CLANG_WARN_CONSTANT_CONVERSION = YES;
				CLANG_WARN_DEPRECATED_OBJC_IMPLEMENTATIONS = YES;
				CLANG_WARN_DIRECT_OBJC_ISA_USAGE = YES_ERROR;
				CLANG_WARN_DOCUMENTATION_COMMENTS = YES;
				CLANG_WARN_EMPTY_BODY = YES;
				CLANG_WARN_ENUM_CONVERSION = YES;
				CLANG_WARN_INFINITE_RECURSION = YES;
				CLANG_WARN_INT_CONVERSION = YES;
				CLANG_WARN_NON_LITERAL_NULL_CONVERSION = YES;
				CLANG_WARN_OBJC_IMPLICIT_RETAIN_SELF = YES;
				CLANG_WARN_OBJC_LITERAL_CONVERSION = YES;
				CLANG_WARN_OBJC_ROOT_CLASS = YES_ERROR;
				CLANG_WARN_RANGE_LOOP_ANALYSIS = YES;
				CLANG_WARN_STRICT_PROTOTYPES = YES;
				CLANG_WARN_SUSPICIOUS_MOVE = YES;
				CLANG_WARN_UNGUARDED_AVAILABILITY = YES_AGGRESSIVE;
				CLANG_WARN_UNREACHABLE_CODE = YES;
				CLANG_WARN__DUPLICATE_METHOD_MATCH = YES;
				CODE_SIGN_IDENTITY = "iPhone Developer";
				COPY_PHASE_STRIP = NO;
				DEBUG_INFORMATION_FORMAT = "dwarf-with-dsym";
				ENABLE_NS_ASSERTIONS = NO;
				ENABLE_STRICT_OBJC_MSGSEND = YES;
				GCC_C_LANGUAGE_STANDARD = gnu11;
				GCC_NO_COMMON_BLOCKS = YES;
				GCC_WARN_64_TO_32_BIT_CONVERSION = YES;
				GCC_WARN_ABOUT_RETURN_TYPE = YES_ERROR;
				GCC_WARN_UNDECLARED_SELECTOR = YES;
				GCC_WARN_UNINITIALIZED_AUTOS = YES_AGGRESSIVE;
				GCC_WARN_UNUSED_FUNCTION = YES;
				GCC_WARN_UNUSED_VARIABLE = YES;
				IPHONEOS_DEPLOYMENT_TARGET = 12.0;
				MTL_ENABLE_DEBUG_INFO = NO;
				MTL_FAST_MATH = YES;
				SDKROOT = iphoneos;
				SWIFT_COMPILATION_MODE = wholemodule;
				SWIFT_OPTIMIZATION_LEVEL = "-O";
				VALIDATE_PRODUCT = YES;
			};
			name = Release;
		};
		573A93FA219CFFD100C11464 /* Debug */ = {
			isa = XCBuildConfiguration;
			buildSettings = {
				ASSETCATALOG_COMPILER_APPICON_NAME = AppIcon;
				CODE_SIGN_STYLE = Automatic;
				INFOPLIST_FILE = LeftSlideMenuDelegatePefect/Info.plist;
				LD_RUNPATH_SEARCH_PATHS = (
					"$(inherited)",
					"@executable_path/Frameworks",
				);
				PRODUCT_BUNDLE_IDENTIFIER = com.LeftSlideMenuDelegatePefect;
				PRODUCT_NAME = "$(TARGET_NAME)";
				SWIFT_VERSION = 4.2;
				TARGETED_DEVICE_FAMILY = "1,2";
			};
			name = Debug;
		};
		573A93FB219CFFD100C11464 /* Release */ = {
			isa = XCBuildConfiguration;
			buildSettings = {
				ASSETCATALOG_COMPILER_APPICON_NAME = AppIcon;
				CODE_SIGN_STYLE = Automatic;
				INFOPLIST_FILE = LeftSlideMenuDelegatePefect/Info.plist;
				LD_RUNPATH_SEARCH_PATHS = (
					"$(inherited)",
					"@executable_path/Frameworks",
				);
				PRODUCT_BUNDLE_IDENTIFIER = com.LeftSlideMenuDelegatePefect;
				PRODUCT_NAME = "$(TARGET_NAME)";
				SWIFT_VERSION = 4.2;
				TARGETED_DEVICE_FAMILY = "1,2";
			};
			name = Release;
		};
/* End XCBuildConfiguration section */

/* Begin XCConfigurationList section */
		573A93E2219CFFD000C11464 /* Build configuration list for PBXProject "LeftSlideMenuDelegatePefect" */ = {
			isa = XCConfigurationList;
			buildConfigurations = (
				573A93F7219CFFD100C11464 /* Debug */,
				573A93F8219CFFD100C11464 /* Release */,
			);
			defaultConfigurationIsVisible = 0;
			defaultConfigurationName = Release;
		};
		573A93F9219CFFD100C11464 /* Build configuration list for PBXNativeTarget "LeftSlideMenuDelegatePefect" */ = {
			isa = XCConfigurationList;
			buildConfigurations = (
				573A93FA219CFFD100C11464 /* Debug */,
				573A93FB219CFFD100C11464 /* Release */,
			);
			defaultConfigurationIsVisible = 0;
			defaultConfigurationName = Release;
		};
/* End XCConfigurationList section */
	};
	rootObject = 573A93DF219CFFD000C11464 /* Project object */;
}
